{
  "version": 4,
  "terraform_version": "1.5.7",
  "serial": 7,
  "lineage": "b6fde9a9-a035-a187-0640-0a628b381862",
  "outputs": {
    "gitlab_external_address": {
      "value": "62.84.125.70",
      "type": "string"
    }
  },
  "resources": [
    {
      "mode": "managed",
      "type": "local_file",
      "name": "template_inventory",
      "provider": "provider[\"registry.terraform.io/hashicorp/local\"]",
      "instances": [
        {
          "status": "tainted",
          "schema_version": 0,
          "attributes": {
            "content": "[docker]\ngitlab ansible_host=62.84.125.70\n",
            "content_base64": null,
            "content_base64sha256": "QDRMGGNZFvbcB8hHuQ5m/GPrqahXCIcpt3u5/6YTfUI=",
            "content_base64sha512": "cqFtkvTOjWpYRVYnCayPaGmI9qwrybbMWOs4EvOz496rjR/jlOaNkcg6QaCDFQwXj0opPAbK4qgjwgp9JIszZQ==",
            "content_md5": "cfcebece0236ecf8482f2f9dabde4e58",
            "content_sha1": "d749012bdef67b596002b0815ca918a5f03170ba",
            "content_sha256": "40344c18635916f6dc07c847b90e66fc63eba9a857088729b77bb9ffa6137d42",
            "content_sha512": "72a16d92f4ce8d6a5845562709ac8f686988f6ac2bc9b6cc58eb3812f3b3e3deab8d1fe394e68d91c83a41a083150c178f4a293c06cae2a823c20a7d248b3365",
            "directory_permission": "0777",
            "file_permission": "0777",
            "filename": "inventory",
            "id": "d749012bdef67b596002b0815ca918a5f03170ba",
            "sensitive_content": null,
            "source": null
          },
          "sensitive_attributes": [],
          "dependencies": [
            "yandex_compute_instance.gitlab-server"
          ]
        }
      ]
    },
    {
      "mode": "managed",
      "type": "yandex_compute_instance",
      "name": "gitlab-server",
      "provider": "provider[\"registry.terraform.io/yandex-cloud/yandex\"]",
      "instances": [
        {
          "schema_version": 1,
          "attributes": {
            "allow_recreate": null,
            "allow_stopping_for_update": null,
            "boot_disk": [
              {
                "auto_delete": true,
                "device_name": "fhmh55ugpc98a8tt66kg",
                "disk_id": "fhmh55ugpc98a8tt66kg",
                "initialize_params": [
                  {
                    "block_size": 4096,
                    "description": "",
                    "image_id": "fd8bu9gsckcm2351kqaq",
                    "name": "",
                    "size": 50,
                    "snapshot_id": "",
                    "type": "network-hdd"
                  }
                ],
                "mode": "READ_WRITE"
              }
            ],
            "created_at": "2024-01-26T15:42:31Z",
            "description": "",
            "filesystem": [],
            "folder_id": "b1gjmdta5qarrmg8d8ur",
            "fqdn": "fhmlo986m6tm0b46etmp.auto.internal",
            "gpu_cluster_id": "",
            "hostname": "",
            "id": "fhmlo986m6tm0b46etmp",
            "labels": null,
            "local_disk": [],
            "maintenance_grace_period": "",
            "maintenance_policy": null,
            "metadata": {
              "ssh-keys": "ubuntu:ssh-ed25519 AAAAC3NzaC1lZDI1NTE5AAAAIMbhyJ954m6KbyPmDmLeiUwuvcta4dGUtaEan8fZMzQ8 ubuntu"
            },
            "metadata_options": [
              {
                "aws_v1_http_endpoint": 1,
                "aws_v1_http_token": 2,
                "gce_http_endpoint": 1,
                "gce_http_token": 1
              }
            ],
            "name": "gitlab",
            "network_acceleration_type": "standard",
            "network_interface": [
              {
                "dns_record": [],
                "index": 0,
                "ip_address": "10.128.0.13",
                "ipv4": true,
                "ipv6": false,
                "ipv6_address": "",
                "ipv6_dns_record": [],
                "mac_address": "d0:0d:15:c2:50:6b",
                "nat": true,
                "nat_dns_record": [],
                "nat_ip_address": "62.84.125.70",
                "nat_ip_version": "IPV4",
                "security_group_ids": [],
                "subnet_id": "e9bo22i6uj0tqc0bq2pc"
              }
            ],
            "placement_policy": [
              {
                "host_affinity_rules": [],
                "placement_group_id": "",
                "placement_group_partition": 0
              }
            ],
            "platform_id": "standard-v1",
            "resources": [
              {
                "core_fraction": 5,
                "cores": 2,
                "gpus": 0,
                "memory": 4
              }
            ],
            "scheduling_policy": [
              {
                "preemptible": true
              }
            ],
            "secondary_disk": [],
            "service_account_id": "",
            "status": "running",
            "timeouts": null,
            "zone": "ru-central1-a"
          },
          "sensitive_attributes": [],
          "private": "eyJlMmJmYjczMC1lY2FhLTExZTYtOGY4OC0zNDM2M2JjN2M0YzAiOnsiY3JlYXRlIjozMDAwMDAwMDAwMDAsImRlbGV0ZSI6MzAwMDAwMDAwMDAwLCJ1cGRhdGUiOjMwMDAwMDAwMDAwMH0sInNjaGVtYV92ZXJzaW9uIjoiMSJ9"
        }
      ]
    }
  ],
  "check_results": null
}
